
Microsoft Visual Studio Solution File, Format Version 12.00
# Visual Studio Version 17
VisualStudioVersion = 17.8.34408.163
MinimumVisualStudioVersion = 10.0.40219.1
Project("{FAE04EC0-301F-11D3-BF4B-00C04F79EFBC}") = "CodingGames", "CodingGames\CodingGames.csproj", "{BA8A4C8A-15EB-4B37-B698-A5641813BABC}"
EndProject
Global
	GlobalSection(SolutionConfigurationPlatforms) = preSolution
		Debug|Any CPU = Debug|Any CPU
		Release|Any CPU = Release|Any CPU
	EndGlobalSection
	GlobalSection(ProjectConfigurationPlatforms) = postSolution
		{BA8A4C8A-15EB-4B37-B698-A5641813BABC}.Debug|Any CPU.ActiveCfg = Debug|Any CPU
		{BA8A4C8A-15EB-4B37-B698-A5641813BABC}.Debug|Any CPU.Build.0 = Debug|Any CPU
		{BA8A4C8A-15EB-4B37-B698-A5641813BABC}.Release|Any CPU.ActiveCfg = Release|Any CPU
		{BA8A4C8A-15EB-4B37-B698-A5641813BABC}.Release|Any CPU.Build.0 = Release|Any CPU
	EndGlobalSection
	GlobalSection(SolutionProperties) = preSolution
		HideSolutionNode = FALSE
	EndGlobalSection
	GlobalSection(ExtensibilityGlobals) = postSolution
		SolutionGuid = {BB167D9F-018C-4413-AFA4-8E30D73A0D93}
	EndGlobalSection
EndGlobal
