
Microsoft Visual Studio Solution File, Format Version 12.00
# Visual Studio Version 17
VisualStudioVersion = 17.9.34622.214
MinimumVisualStudioVersion = 10.0.40219.1
Project("{FAE04EC0-301F-11D3-BF4B-00C04F79EFBC}") = "EjerciciosM03UF4", "EjerciciosM03UF4\EjerciciosM03UF4.csproj", "{98DDDE41-07CF-436C-A970-EA0AB0A4BF15}"
EndProject
Project("{FAE04EC0-301F-11D3-BF4B-00C04F79EFBC}") = "Objetos", "Objetos\Objetos.csproj", "{FA165A17-A047-44D8-90B9-79A0D9FD0DED}"
EndProject
Global
	GlobalSection(SolutionConfigurationPlatforms) = preSolution
		Debug|Any CPU = Debug|Any CPU
		Release|Any CPU = Release|Any CPU
	EndGlobalSection
	GlobalSection(ProjectConfigurationPlatforms) = postSolution
		{98DDDE41-07CF-436C-A970-EA0AB0A4BF15}.Debug|Any CPU.ActiveCfg = Debug|Any CPU
		{98DDDE41-07CF-436C-A970-EA0AB0A4BF15}.Debug|Any CPU.Build.0 = Debug|Any CPU
		{98DDDE41-07CF-436C-A970-EA0AB0A4BF15}.Release|Any CPU.ActiveCfg = Release|Any CPU
		{98DDDE41-07CF-436C-A970-EA0AB0A4BF15}.Release|Any CPU.Build.0 = Release|Any CPU
		{FA165A17-A047-44D8-90B9-79A0D9FD0DED}.Debug|Any CPU.ActiveCfg = Debug|Any CPU
		{FA165A17-A047-44D8-90B9-79A0D9FD0DED}.Debug|Any CPU.Build.0 = Debug|Any CPU
		{FA165A17-A047-44D8-90B9-79A0D9FD0DED}.Release|Any CPU.ActiveCfg = Release|Any CPU
		{FA165A17-A047-44D8-90B9-79A0D9FD0DED}.Release|Any CPU.Build.0 = Release|Any CPU
	EndGlobalSection
	GlobalSection(SolutionProperties) = preSolution
		HideSolutionNode = FALSE
	EndGlobalSection
	GlobalSection(ExtensibilityGlobals) = postSolution
		SolutionGuid = {1128DB36-B214-4817-AD03-6FD16A0C5336}
	EndGlobalSection
EndGlobal
